// !$*UTF8*$!
{
	archiveVersion = 1;
	classes = {
	};
	objectVersion = 55;
	objects = {

/* Begin PBXBuildFile section */
		CFB3D380274066A400C50BAB /* CharactersViewController.swift in Sources */ = {isa = PBXBuildFile; fileRef = CFB3D37F274066A400C50BAB /* CharactersViewController.swift */; };
		CFB3D382274066B400C50BAB /* CharacterDetailsViewController.swift in Sources */ = {isa = PBXBuildFile; fileRef = CFB3D381274066B400C50BAB /* CharacterDetailsViewController.swift */; };
		CFB3D384274066C100C50BAB /* RickAndMortyModel.swift in Sources */ = {isa = PBXBuildFile; fileRef = CFB3D383274066C100C50BAB /* RickAndMortyModel.swift */; };
		CFC65F9D2740663300FDE7E6 /* AppDelegate.swift in Sources */ = {isa = PBXBuildFile; fileRef = CFC65F9C2740663300FDE7E6 /* AppDelegate.swift */; };
		CFC65F9F2740663300FDE7E6 /* SceneDelegate.swift in Sources */ = {isa = PBXBuildFile; fileRef = CFC65F9E2740663300FDE7E6 /* SceneDelegate.swift */; };
		CFC65FA42740663300FDE7E6 /* Main.storyboard in Resources */ = {isa = PBXBuildFile; fileRef = CFC65FA22740663300FDE7E6 /* Main.storyboard */; };
		CFC65FA62740663600FDE7E6 /* Assets.xcassets in Resources */ = {isa = PBXBuildFile; fileRef = CFC65FA52740663600FDE7E6 /* Assets.xcassets */; };
		CFC65FA92740663600FDE7E6 /* LaunchScreen.storyboard in Resources */ = {isa = PBXBuildFile; fileRef = CFC65FA72740663600FDE7E6 /* LaunchScreen.storyboard */; };
/* End PBXBuildFile section */

/* Begin PBXFileReference section */
		CFB3D37F274066A400C50BAB /* CharactersViewController.swift */ = {isa = PBXFileReference; lastKnownFileType = sourcecode.swift; path = CharactersViewController.swift; sourceTree = "<group>"; };
		CFB3D381274066B400C50BAB /* CharacterDetailsViewController.swift */ = {isa = PBXFileReference; lastKnownFileType = sourcecode.swift; path = CharacterDetailsViewController.swift; sourceTree = "<group>"; };
		CFB3D383274066C100C50BAB /* RickAndMortyModel.swift */ = {isa = PBXFileReference; lastKnownFileType = sourcecode.swift; path = RickAndMortyModel.swift; sourceTree = "<group>"; };
		CFC65F992740663300FDE7E6 /* Rick&Morty.app */ = {isa = PBXFileReference; explicitFileType = wrapper.application; includeInIndex = 0; path = "Rick&Morty.app"; sourceTree = BUILT_PRODUCTS_DIR; };
		CFC65F9C2740663300FDE7E6 /* AppDelegate.swift */ = {isa = PBXFileReference; lastKnownFileType = sourcecode.swift; path = AppDelegate.swift; sourceTree = "<group>"; };
		CFC65F9E2740663300FDE7E6 /* SceneDelegate.swift */ = {isa = PBXFileReference; lastKnownFileType = sourcecode.swift; path = SceneDelegate.swift; sourceTree = "<group>"; };
		CFC65FA32740663300FDE7E6 /* Base */ = {isa = PBXFileReference; lastKnownFileType = file.storyboard; name = Base; path = Base.lproj/Main.storyboard; sourceTree = "<group>"; };
		CFC65FA52740663600FDE7E6 /* Assets.xcassets */ = {isa = PBXFileReference; lastKnownFileType = folder.assetcatalog; path = Assets.xcassets; sourceTree = "<group>"; };
		CFC65FA82740663600FDE7E6 /* Base */ = {isa = PBXFileReference; lastKnownFileType = file.storyboard; name = Base; path = Base.lproj/LaunchScreen.storyboard; sourceTree = "<group>"; };
		CFC65FAA2740663600FDE7E6 /* Info.plist */ = {isa = PBXFileReference; lastKnownFileType = text.plist.xml; path = Info.plist; sourceTree = "<group>"; };
/* End PBXFileReference section */

/* Begin PBXFrameworksBuildPhase section */
		CFC65F962740663300FDE7E6 /* Frameworks */ = {
			isa = PBXFrameworksBuildPhase;
			buildActionMask = 2147483647;
			files = (
			);
			runOnlyForDeploymentPostprocessing = 0;
		};
/* End PBXFrameworksBuildPhase section */

/* Begin PBXGroup section */
		CFC65F902740663200FDE7E6 = {
			isa = PBXGroup;
			children = (
				CFC65F9B2740663300FDE7E6 /* Rick&Morty */,
				CFC65F9A2740663300FDE7E6 /* Products */,
			);
			sourceTree = "<group>";
		};
		CFC65F9A2740663300FDE7E6 /* Products */ = {
			isa = PBXGroup;
			children = (
				CFC65F992740663300FDE7E6 /* Rick&Morty.app */,
			);
			name = Products;
			sourceTree = "<group>";
		};
		CFC65F9B2740663300FDE7E6 /* Rick&Morty */ = {
			isa = PBXGroup;
			children = (
				CFC65F9C2740663300FDE7E6 /* AppDelegate.swift */,
				CFC65F9E2740663300FDE7E6 /* SceneDelegate.swift */,
				CFC65FA22740663300FDE7E6 /* Main.storyboard */,
				CFB3D37F274066A400C50BAB /* CharactersViewController.swift */,
				CFB3D381274066B400C50BAB /* CharacterDetailsViewController.swift */,
				CFB3D383274066C100C50BAB /* RickAndMortyModel.swift */,
				CFC65FA52740663600FDE7E6 /* Assets.xcassets */,
				CFC65FA72740663600FDE7E6 /* LaunchScreen.storyboard */,
				CFC65FAA2740663600FDE7E6 /* Info.plist */,
			);
			path = "Rick&Morty";
			sourceTree = "<group>";
		};
/* End PBXGroup section */

/* Begin PBXNativeTarget section */
		CFC65F982740663300FDE7E6 /* Rick&Morty */ = {
			isa = PBXNativeTarget;
			buildConfigurationList = CFC65FAD2740663600FDE7E6 /* Build configuration list for PBXNativeTarget "Rick&Morty" */;
			buildPhases = (
				CFC65F952740663300FDE7E6 /* Sources */,
				CFC65F962740663300FDE7E6 /* Frameworks */,
				CFC65F972740663300FDE7E6 /* Resources */,
			);
			buildRules = (
			);
			dependencies = (
			);
			name = "Rick&Morty";
			productName = "Rick&Morty";
			productReference = CFC65F992740663300FDE7E6 /* Rick&Morty.app */;
			productType = "com.apple.product-type.application";
		};
/* End PBXNativeTarget section */

/* Begin PBXProject section */
		CFC65F912740663200FDE7E6 /* Project object */ = {
			isa = PBXProject;
			attributes = {
				BuildIndependentTargetsInParallel = 1;
				LastSwiftUpdateCheck = 1300;
				LastUpgradeCheck = 1300;
				TargetAttributes = {
					CFC65F982740663300FDE7E6 = {
						CreatedOnToolsVersion = 13.0;
					};
				};
			};
			buildConfigurationList = CFC65F942740663200FDE7E6 /* Build configuration list for PBXProject "Rick&Morty" */;
			compatibilityVersion = "Xcode 13.0";
			developmentRegion = en;
			hasScannedForEncodings = 0;
			knownRegions = (
				en,
				Base,
			);
			mainGroup = CFC65F902740663200FDE7E6;
			productRefGroup = CFC65F9A2740663300FDE7E6 /* Products */;
			projectDirPath = "";
			projectRoot = "";
			targets = (
				CFC65F982740663300FDE7E6 /* Rick&Morty */,
			);
		};
/* End PBXProject section */

/* Begin PBXResourcesBuildPhase section */
		CFC65F972740663300FDE7E6 /* Resources */ = {
			isa = PBXResourcesBuildPhase;
			buildActionMask = 2147483647;
			files = (
				CFC65FA92740663600FDE7E6 /* LaunchScreen.storyboard in Resources */,
				CFC65FA62740663600FDE7E6 /* Assets.xcassets in Resources */,
				CFC65FA42740663300FDE7E6 /* Main.storyboard in Resources */,
			);
			runOnlyForDeploymentPostprocessing = 0;
		};
/* End PBXResourcesBuildPhase section */

/* Begin PBXSourcesBuildPhase section */
		CFC65F952740663300FDE7E6 /* Sources */ = {
			isa = PBXSourcesBuildPhase;
			buildActionMask = 2147483647;
			files = (
				CFC65F9D2740663300FDE7E6 /* AppDelegate.swift in Sources */,
				CFB3D384274066C100C50BAB /* RickAndMortyModel.swift in Sources */,
				CFB3D382274066B400C50BAB /* CharacterDetailsViewController.swift in Sources */,
				CFC65F9F2740663300FDE7E6 /* SceneDelegate.swift in Sources */,
				CFB3D380274066A400C50BAB /* CharactersViewController.swift in Sources */,
			);
			runOnlyForDeploymentPostprocessing = 0;
		};
/* End PBXSourcesBuildPhase section */

/* Begin PBXVariantGroup section */
		CFC65FA22740663300FDE7E6 /* Main.storyboard */ = {
			isa = PBXVariantGroup;
			children = (
				CFC65FA32740663300FDE7E6 /* Base */,
			);
			name = Main.storyboard;
			sourceTree = "<group>";
		};
		CFC65FA72740663600FDE7E6 /* LaunchScreen.storyboard */ = {
			isa = PBXVariantGroup;
			children = (
				CFC65FA82740663600FDE7E6 /* Base */,
			);
			name = LaunchScreen.storyboard;
			sourceTree = "<group>";
		};
/* End PBXVariantGroup section */

/* Begin XCBuildConfiguration section */
		CFC65FAB2740663600FDE7E6 /* Debug */ = {
			isa = XCBuildConfiguration;
			buildSettings = {
				ALWAYS_SEARCH_USER_PATHS = NO;
				CLANG_ANALYZER_NONNULL = YES;
				CLANG_ANALYZER_NUMBER_OBJECT_CONVERSION = YES_AGGRESSIVE;
				CLANG_CXX_LANGUAGE_STANDARD = "gnu++17";
				CLANG_CXX_LIBRARY = "libc++";
				CLANG_ENABLE_MODULES = YES;
				CLANG_ENABLE_OBJC_ARC = YES;
				CLANG_ENABLE_OBJC_WEAK = YES;
				CLANG_WARN_BLOCK_CAPTURE_AUTORELEASING = YES;
				CLANG_WARN_BOOL_CONVERSION = YES;
				CLANG_WARN_COMMA = YES;
				CLANG_WARN_CONSTANT_CONVERSION = YES;
				CLANG_WARN_DEPRECATED_OBJC_IMPLEMENTATIONS = YES;
				CLANG_WARN_DIRECT_OBJC_ISA_USAGE = YES_ERROR;
				CLANG_WARN_DOCUMENTATION_COMMENTS = YES;
				CLANG_WARN_EMPTY_BODY = YES;
				CLANG_WARN_ENUM_CONVERSION = YES;
				CLANG_WARN_INFINITE_RECURSION = YES;
				CLANG_WARN_INT_CONVERSION = YES;
				CLANG_WARN_NON_LITERAL_NULL_CONVERSION = YES;
				CLANG_WARN_OBJC_IMPLICIT_RETAIN_SELF = YES;
				CLANG_WARN_OBJC_LITERAL_CONVERSION = YES;
				CLANG_WARN_OBJC_ROOT_CLASS = YES_ERROR;
				CLANG_WARN_QUOTED_INCLUDE_IN_FRAMEWORK_HEADER = YES;
				CLANG_WARN_RANGE_LOOP_ANALYSIS = YES;
				CLANG_WARN_STRICT_PROTOTYPES = YES;
				CLANG_WARN_SUSPICIOUS_MOVE = YES;
				CLANG_WARN_UNGUARDED_AVAILABILITY = YES_AGGRESSIVE;
				CLANG_WARN_UNREACHABLE_CODE = YES;
				CLANG_WARN__DUPLICATE_METHOD_MATCH = YES;
				COPY_PHASE_STRIP = NO;
				DEBUG_INFORMATION_FORMAT = dwarf;
				ENABLE_STRICT_OBJC_MSGSEND = YES;
				ENABLE_TESTABILITY = YES;
				GCC_C_LANGUAGE_STANDARD = gnu11;
				GCC_DYNAMIC_NO_PIC = NO;
				GCC_NO_COMMON_BLOCKS = YES;
				GCC_OPTIMIZATION_LEVEL = 0;
				GCC_PREPROCESSOR_DEFINITIONS = (
					"DEBUG=1",
					"$(inherited)",
				);
				GCC_WARN_64_TO_32_BIT_CONVERSION = YES;
				GCC_WARN_ABOUT_RETURN_TYPE = YES_ERROR;
				GCC_WARN_UNDECLARED_SELECTOR = YES;
				GCC_WARN_UNINITIALIZED_AUTOS = YES_AGGRESSIVE;
				GCC_WARN_UNUSED_FUNCTION = YES;
				GCC_WARN_UNUSED_VARIABLE = YES;
				IPHONEOS_DEPLOYMENT_TARGET = 15.0;
				MTL_ENABLE_DEBUG_INFO = INCLUDE_SOURCE;
				MTL_FAST_MATH = YES;
				ONLY_ACTIVE_ARCH = YES;
				SDKROOT = iphoneos;
				SWIFT_ACTIVE_COMPILATION_CONDITIONS = DEBUG;
				SWIFT_OPTIMIZATION_LEVEL = "-Onone";
			};
			name = Debug;
		};
		CFC65FAC2740663600FDE7E6 /* Release */ = {
			isa = XCBuildConfiguration;
			buildSettings = {
				ALWAYS_SEARCH_USER_PATHS = NO;
				CLANG_ANALYZER_NONNULL = YES;
				CLANG_ANALYZER_NUMBER_OBJECT_CONVERSION = YES_AGGRESSIVE;
				CLANG_CXX_LANGUAGE_STANDARD = "gnu++17";
				CLANG_CXX_LIBRARY = "libc++";
				CLANG_ENABLE_MODULES = YES;
				CLANG_ENABLE_OBJC_ARC = YES;
				CLANG_ENABLE_OBJC_WEAK = YES;
				CLANG_WARN_BLOCK_CAPTURE_AUTORELEASING = YES;
				CLANG_WARN_BOOL_CONVERSION = YES;
				CLANG_WARN_COMMA = YES;
				CLANG_WARN_CONSTANT_CONVERSION = YES;
				CLANG_WARN_DEPRECATED_OBJC_IMPLEMENTATIONS = YES;
				CLANG_WARN_DIRECT_OBJC_ISA_USAGE = YES_ERROR;
				CLANG_WARN_DOCUMENTATION_COMMENTS = YES;
				CLANG_WARN_EMPTY_BODY = YES;
				CLANG_WARN_ENUM_CONVERSION = YES;
				CLANG_WARN_INFINITE_RECURSION = YES;
				CLANG_WARN_INT_CONVERSION = YES;
				CLANG_WARN_NON_LITERAL_NULL_CONVERSION = YES;
				CLANG_WARN_OBJC_IMPLICIT_RETAIN_SELF = YES;
				CLANG_WARN_OBJC_LITERAL_CONVERSION = YES;
				CLANG_WARN_OBJC_ROOT_CLASS = YES_ERROR;
				CLANG_WARN_QUOTED_INCLUDE_IN_FRAMEWORK_HEADER = YES;
				CLANG_WARN_RANGE_LOOP_ANALYSIS = YES;
				CLANG_WARN_STRICT_PROTOTYPES = YES;
				CLANG_WARN_SUSPICIOUS_MOVE = YES;
				CLANG_WARN_UNGUARDED_AVAILABILITY = YES_AGGRESSIVE;
				CLANG_WARN_UNREACHABLE_CODE = YES;
				CLANG_WARN__DUPLICATE_METHOD_MATCH = YES;
				COPY_PHASE_STRIP = NO;
				DEBUG_INFORMATION_FORMAT = "dwarf-with-dsym";
				ENABLE_NS_ASSERTIONS = NO;
				ENABLE_STRICT_OBJC_MSGSEND = YES;
				GCC_C_LANGUAGE_STANDARD = gnu11;
				GCC_NO_COMMON_BLOCKS = YES;
				GCC_WARN_64_TO_32_BIT_CONVERSION = YES;
				GCC_WARN_ABOUT_RETURN_TYPE = YES_ERROR;
				GCC_WARN_UNDECLARED_SELECTOR = YES;
				GCC_WARN_UNINITIALIZED_AUTOS = YES_AGGRESSIVE;
				GCC_WARN_UNUSED_FUNCTION = YES;
				GCC_WARN_UNUSED_VARIABLE = YES;
				IPHONEOS_DEPLOYMENT_TARGET = 15.0;
				MTL_ENABLE_DEBUG_INFO = NO;
				MTL_FAST_MATH = YES;
				SDKROOT = iphoneos;
				SWIFT_COMPILATION_MODE = wholemodule;
				SWIFT_OPTIMIZATION_LEVEL = "-O";
				VALIDATE_PRODUCT = YES;
			};
			name = Release;
		};
		CFC65FAE2740663600FDE7E6 /* Debug */ = {
			isa = XCBuildConfiguration;
			buildSettings = {
				ASSETCATALOG_COMPILER_APPICON_NAME = AppIcon;
				ASSETCATALOG_COMPILER_GLOBAL_ACCENT_COLOR_NAME = AccentColor;
				CODE_SIGN_STYLE = Automatic;
				CURRENT_PROJECT_VERSION = 1;
				DEVELOPMENT_TEAM = 522P7F8M82;
				GENERATE_INFOPLIST_FILE = YES;
				INFOPLIST_FILE = "Rick&Morty/Info.plist";
				INFOPLIST_KEY_UIApplicationSupportsIndirectInputEvents = YES;
				INFOPLIST_KEY_UILaunchStoryboardName = LaunchScreen;
				INFOPLIST_KEY_UIMainStoryboardFile = Main;
				INFOPLIST_KEY_UISupportedInterfaceOrientations_iPad = "UIInterfaceOrientationPortrait UIInterfaceOrientationPortraitUpsideDown UIInterfaceOrientationLandscapeLeft UIInterfaceOrientationLandscapeRight";
				INFOPLIST_KEY_UISupportedInterfaceOrientations_iPhone = "UIInterfaceOrientationPortrait UIInterfaceOrientationLandscapeLeft UIInterfaceOrientationLandscapeRight";
				LD_RUNPATH_SEARCH_PATHS = (
					"$(inherited)",
					"@executable_path/Frameworks",
				);
				MARKETING_VERSION = 1.0;
				PRODUCT_BUNDLE_IDENTIFIER = "org.t1000.team.Rick-Morty";
				PRODUCT_NAME = "$(TARGET_NAME)";
				SWIFT_EMIT_LOC_STRINGS = YES;
				SWIFT_VERSION = 5.0;
				TARGETED_DEVICE_FAMILY = "1,2";
			};
			name = Debug;
		};
		CFC65FAF2740663600FDE7E6 /* Release */ = {
			isa = XCBuildConfiguration;
			buildSettings = {
				ASSETCATALOG_COMPILER_APPICON_NAME = AppIcon;
				ASSETCATALOG_COMPILER_GLOBAL_ACCENT_COLOR_NAME = AccentColor;
				CODE_SIGN_STYLE = Automatic;
				CURRENT_PROJECT_VERSION = 1;
				DEVELOPMENT_TEAM = 522P7F8M82;
				GENERATE_INFOPLIST_FILE = YES;
				INFOPLIST_FILE = "Rick&Morty/Info.plist";
				INFOPLIST_KEY_UIApplicationSupportsIndirectInputEvents = YES;
				INFOPLIST_KEY_UILaunchStoryboardName = LaunchScreen;
				INFOPLIST_KEY_UIMainStoryboardFile = Main;
				INFOPLIST_KEY_UISupportedInterfaceOrientations_iPad = "UIInterfaceOrientationPortrait UIInterfaceOrientationPortraitUpsideDown UIInterfaceOrientationLandscapeLeft UIInterfaceOrientationLandscapeRight";
				INFOPLIST_KEY_UISupportedInterfaceOrientations_iPhone = "UIInterfaceOrientationPortrait UIInterfaceOrientationLandscapeLeft UIInterfaceOrientationLandscapeRight";
				LD_RUNPATH_SEARCH_PATHS = (
					"$(inherited)",
					"@executable_path/Frameworks",
				);
				MARKETING_VERSION = 1.0;
				PRODUCT_BUNDLE_IDENTIFIER = "org.t1000.team.Rick-Morty";
				PRODUCT_NAME = "$(TARGET_NAME)";
				SWIFT_EMIT_LOC_STRINGS = YES;
				SWIFT_VERSION = 5.0;
				TARGETED_DEVICE_FAMILY = "1,2";
			};
			name = Release;
		};
/* End XCBuildConfiguration section */

/* Begin XCConfigurationList section */
		CFC65F942740663200FDE7E6 /* Build configuration list for PBXProject "Rick&Morty" */ = {
			isa = XCConfigurationList;
			buildConfigurations = (
				CFC65FAB2740663600FDE7E6 /* Debug */,
				CFC65FAC2740663600FDE7E6 /* Release */,
			);
			defaultConfigurationIsVisible = 0;
			defaultConfigurationName = Release;
		};
		CFC65FAD2740663600FDE7E6 /* Build configuration list for PBXNativeTarget "Rick&Morty" */ = {
			isa = XCConfigurationList;
			buildConfigurations = (
				CFC65FAE2740663600FDE7E6 /* Debug */,
				CFC65FAF2740663600FDE7E6 /* Release */,
			);
			defaultConfigurationIsVisible = 0;
			defaultConfigurationName = Release;
		};
/* End XCConfigurationList section */
	};
	rootObject = CFC65F912740663200FDE7E6 /* Project object */;
}
